
Microsoft Visual Studio Solution File, Format Version 12.00
# Visual Studio Version 17
VisualStudioVersion = 17.0.31903.59
MinimumVisualStudioVersion = 10.0.40219.1
Project("{2150E333-8FDC-42A3-9474-1A3956D46DE8}") = "src", "src", "{827E0CD3-B72D-47B6-A68D-7590B98EB39B}"
EndProject
Project("{2150E333-8FDC-42A3-9474-1A3956D46DE8}") = "shared", "shared", "{C8E42992-5E42-0C2B-DBFE-AA848D06431C}"
EndProject
Project("{FAE04EC0-301F-11D3-BF4B-00C04F79EFBC}") = "Shared", "src\shared\Shared\Shared.csproj", "{AD44635E-BB4A-455D-ABB9-10706AA87BE0}"
EndProject
Project("{FAE04EC0-301F-11D3-BF4B-00C04F79EFBC}") = "Gateway", "src\gateway\Gateway\Gateway.csproj", "{40E7380E-03A7-41B7-939F-828833AA492F}"
EndProject
Project("{FAE04EC0-301F-11D3-BF4B-00C04F79EFBC}") = "UploadService.API", "src\upload-service\API\UploadService.API\UploadService.API.csproj", "{D256866C-1969-46B7-BB57-6222EB152B2B}"
EndProject
Project("{FAE04EC0-301F-11D3-BF4B-00C04F79EFBC}") = "UploadService.Domain", "src\upload-service\Domain\UploadService.Domain\UploadService.Domain.csproj", "{3C674AAC-237F-4EE4-88EA-BDB28AD59EA1}"
EndProject
Project("{FAE04EC0-301F-11D3-BF4B-00C04F79EFBC}") = "UploadService.Application", "src\upload-service\Application\UploadService.Application\UploadService.Application.csproj", "{7EA8D3B4-9D7F-45BA-93C1-25C3BF51EB98}"
EndProject
Project("{FAE04EC0-301F-11D3-BF4B-00C04F79EFBC}") = "UploadService.Infrastructure", "src\upload-service\Infrastructure\UploadService.Infrastructure\UploadService.Infrastructure.csproj", "{5AB24B81-7DB4-478B-9289-8CEBC0FFF253}"
EndProject
Project("{FAE04EC0-301F-11D3-BF4B-00C04F79EFBC}") = "OrchestratorService.API", "src\orchestrator-service\API\OrchestratorService.API\OrchestratorService.API.csproj", "{132B913E-6654-4FA0-A1DA-3D6D43379A35}"
EndProject
Project("{FAE04EC0-301F-11D3-BF4B-00C04F79EFBC}") = "OrchestratorService.Domain", "src\orchestrator-service\Domain\OrchestratorService.Domain\OrchestratorService.Domain.csproj", "{5B6DB61F-0AD2-4261-805E-742D5FA5EABC}"
EndProject
Project("{FAE04EC0-301F-11D3-BF4B-00C04F79EFBC}") = "OrchestratorService.Application", "src\orchestrator-service\Application\OrchestratorService.Application\OrchestratorService.Application.csproj", "{0AF5FDBA-1E2B-4DAC-A07F-2A1AADAE82AE}"
EndProject
Project("{FAE04EC0-301F-11D3-BF4B-00C04F79EFBC}") = "OrchestratorService.Infrastructure", "src\orchestrator-service\Infrastructure\OrchestratorService.Infrastructure\OrchestratorService.Infrastructure.csproj", "{1A3657AA-5C6E-4CF4-B7A5-3992EC46FEAD}"
EndProject
Project("{FAE04EC0-301F-11D3-BF4B-00C04F79EFBC}") = "ReportService.API", "src\report-service\API\ReportService.API\ReportService.API.csproj", "{24318EA5-DD88-471A-B78E-53F57E8DAD05}"
EndProject
Project("{FAE04EC0-301F-11D3-BF4B-00C04F79EFBC}") = "ReportService.Domain", "src\report-service\Domain\ReportService.Domain\ReportService.Domain.csproj", "{7BDCF06C-F351-487D-B400-5B5B44E9C07F}"
EndProject
Project("{FAE04EC0-301F-11D3-BF4B-00C04F79EFBC}") = "ReportService.Application", "src\report-service\Application\ReportService.Application\ReportService.Application.csproj", "{8DB9131F-5503-4FC3-BD73-47D91E47CB8A}"
EndProject
Project("{FAE04EC0-301F-11D3-BF4B-00C04F79EFBC}") = "ReportService.Infrastructure", "src\report-service\Infrastructure\ReportService.Infrastructure\ReportService.Infrastructure.csproj", "{FFD29748-C921-4F4A-BBA7-9F5E5F793072}"
EndProject
Project("{2150E333-8FDC-42A3-9474-1A3956D46DE8}") = "tests", "tests", "{0AB3BF05-4346-4AA6-1389-037BE0695223}"
EndProject
Project("{FAE04EC0-301F-11D3-BF4B-00C04F79EFBC}") = "UploadService.Tests", "tests\UploadService.Tests\UploadService.Tests.csproj", "{2B281C21-A6C4-41F5-90A5-691BB00BB732}"
EndProject
Project("{FAE04EC0-301F-11D3-BF4B-00C04F79EFBC}") = "OrchestratorService.Tests", "tests\OrchestratorService.Tests\OrchestratorService.Tests.csproj", "{9EF37A26-3DC1-4DB6-B2E7-A0D7188EA7A3}"
EndProject
Project("{FAE04EC0-301F-11D3-BF4B-00C04F79EFBC}") = "ReportService.Tests", "tests\ReportService.Tests\ReportService.Tests.csproj", "{53525D1D-696E-4F5F-BE0A-02367CF207B0}"
EndProject
Project("{FAE04EC0-301F-11D3-BF4B-00C04F79EFBC}") = "Gateway.Tests", "tests\Gateway.Tests\Gateway.Tests.csproj", "{A0D95069-A67F-49D7-8E6C-57DE3881B882}"
EndProject
Global
	GlobalSection(SolutionConfigurationPlatforms) = preSolution
		Debug|Any CPU = Debug|Any CPU
		Debug|x64 = Debug|x64
		Debug|x86 = Debug|x86
		Release|Any CPU = Release|Any CPU
		Release|x64 = Release|x64
		Release|x86 = Release|x86
	EndGlobalSection
	GlobalSection(ProjectConfigurationPlatforms) = postSolution
		{AD44635E-BB4A-455D-ABB9-10706AA87BE0}.Debug|Any CPU.ActiveCfg = Debug|Any CPU
		{AD44635E-BB4A-455D-ABB9-10706AA87BE0}.Debug|Any CPU.Build.0 = Debug|Any CPU
		{AD44635E-BB4A-455D-ABB9-10706AA87BE0}.Debug|x64.ActiveCfg = Debug|Any CPU
		{AD44635E-BB4A-455D-ABB9-10706AA87BE0}.Debug|x64.Build.0 = Debug|Any CPU
		{AD44635E-BB4A-455D-ABB9-10706AA87BE0}.Debug|x86.ActiveCfg = Debug|Any CPU
		{AD44635E-BB4A-455D-ABB9-10706AA87BE0}.Debug|x86.Build.0 = Debug|Any CPU
		{AD44635E-BB4A-455D-ABB9-10706AA87BE0}.Release|Any CPU.ActiveCfg = Release|Any CPU
		{AD44635E-BB4A-455D-ABB9-10706AA87BE0}.Release|Any CPU.Build.0 = Release|Any CPU
		{AD44635E-BB4A-455D-ABB9-10706AA87BE0}.Release|x64.ActiveCfg = Release|Any CPU
		{AD44635E-BB4A-455D-ABB9-10706AA87BE0}.Release|x64.Build.0 = Release|Any CPU
		{AD44635E-BB4A-455D-ABB9-10706AA87BE0}.Release|x86.ActiveCfg = Release|Any CPU
		{AD44635E-BB4A-455D-ABB9-10706AA87BE0}.Release|x86.Build.0 = Release|Any CPU
		{40E7380E-03A7-41B7-939F-828833AA492F}.Debug|Any CPU.ActiveCfg = Debug|Any CPU
		{40E7380E-03A7-41B7-939F-828833AA492F}.Debug|Any CPU.Build.0 = Debug|Any CPU
		{40E7380E-03A7-41B7-939F-828833AA492F}.Debug|x64.ActiveCfg = Debug|Any CPU
		{40E7380E-03A7-41B7-939F-828833AA492F}.Debug|x64.Build.0 = Debug|Any CPU
		{40E7380E-03A7-41B7-939F-828833AA492F}.Debug|x86.ActiveCfg = Debug|Any CPU
		{40E7380E-03A7-41B7-939F-828833AA492F}.Debug|x86.Build.0 = Debug|Any CPU
		{40E7380E-03A7-41B7-939F-828833AA492F}.Release|Any CPU.ActiveCfg = Release|Any CPU
		{40E7380E-03A7-41B7-939F-828833AA492F}.Release|Any CPU.Build.0 = Release|Any CPU
		{40E7380E-03A7-41B7-939F-828833AA492F}.Release|x64.ActiveCfg = Release|Any CPU
		{40E7380E-03A7-41B7-939F-828833AA492F}.Release|x64.Build.0 = Release|Any CPU
		{40E7380E-03A7-41B7-939F-828833AA492F}.Release|x86.ActiveCfg = Release|Any CPU
		{40E7380E-03A7-41B7-939F-828833AA492F}.Release|x86.Build.0 = Release|Any CPU
		{D256866C-1969-46B7-BB57-6222EB152B2B}.Debug|Any CPU.ActiveCfg = Debug|Any CPU
		{D256866C-1969-46B7-BB57-6222EB152B2B}.Debug|Any CPU.Build.0 = Debug|Any CPU
		{D256866C-1969-46B7-BB57-6222EB152B2B}.Debug|x64.ActiveCfg = Debug|Any CPU
		{D256866C-1969-46B7-BB57-6222EB152B2B}.Debug|x64.Build.0 = Debug|Any CPU
		{D256866C-1969-46B7-BB57-6222EB152B2B}.Debug|x86.ActiveCfg = Debug|Any CPU
		{D256866C-1969-46B7-BB57-6222EB152B2B}.Debug|x86.Build.0 = Debug|Any CPU
		{D256866C-1969-46B7-BB57-6222EB152B2B}.Release|Any CPU.ActiveCfg = Release|Any CPU
		{D256866C-1969-46B7-BB57-6222EB152B2B}.Release|Any CPU.Build.0 = Release|Any CPU
		{D256866C-1969-46B7-BB57-6222EB152B2B}.Release|x64.ActiveCfg = Release|Any CPU
		{D256866C-1969-46B7-BB57-6222EB152B2B}.Release|x64.Build.0 = Release|Any CPU
		{D256866C-1969-46B7-BB57-6222EB152B2B}.Release|x86.ActiveCfg = Release|Any CPU
		{D256866C-1969-46B7-BB57-6222EB152B2B}.Release|x86.Build.0 = Release|Any CPU
		{3C674AAC-237F-4EE4-88EA-BDB28AD59EA1}.Debug|Any CPU.ActiveCfg = Debug|Any CPU
		{3C674AAC-237F-4EE4-88EA-BDB28AD59EA1}.Debug|Any CPU.Build.0 = Debug|Any CPU
		{3C674AAC-237F-4EE4-88EA-BDB28AD59EA1}.Debug|x64.ActiveCfg = Debug|Any CPU
		{3C674AAC-237F-4EE4-88EA-BDB28AD59EA1}.Debug|x64.Build.0 = Debug|Any CPU
		{3C674AAC-237F-4EE4-88EA-BDB28AD59EA1}.Debug|x86.ActiveCfg = Debug|Any CPU
		{3C674AAC-237F-4EE4-88EA-BDB28AD59EA1}.Debug|x86.Build.0 = Debug|Any CPU
		{3C674AAC-237F-4EE4-88EA-BDB28AD59EA1}.Release|Any CPU.ActiveCfg = Release|Any CPU
		{3C674AAC-237F-4EE4-88EA-BDB28AD59EA1}.Release|Any CPU.Build.0 = Release|Any CPU
		{3C674AAC-237F-4EE4-88EA-BDB28AD59EA1}.Release|x64.ActiveCfg = Release|Any CPU
		{3C674AAC-237F-4EE4-88EA-BDB28AD59EA1}.Release|x64.Build.0 = Release|Any CPU
		{3C674AAC-237F-4EE4-88EA-BDB28AD59EA1}.Release|x86.ActiveCfg = Release|Any CPU
		{3C674AAC-237F-4EE4-88EA-BDB28AD59EA1}.Release|x86.Build.0 = Release|Any CPU
		{7EA8D3B4-9D7F-45BA-93C1-25C3BF51EB98}.Debug|Any CPU.ActiveCfg = Debug|Any CPU
		{7EA8D3B4-9D7F-45BA-93C1-25C3BF51EB98}.Debug|Any CPU.Build.0 = Debug|Any CPU
		{7EA8D3B4-9D7F-45BA-93C1-25C3BF51EB98}.Debug|x64.ActiveCfg = Debug|Any CPU
		{7EA8D3B4-9D7F-45BA-93C1-25C3BF51EB98}.Debug|x64.Build.0 = Debug|Any CPU
		{7EA8D3B4-9D7F-45BA-93C1-25C3BF51EB98}.Debug|x86.ActiveCfg = Debug|Any CPU
		{7EA8D3B4-9D7F-45BA-93C1-25C3BF51EB98}.Debug|x86.Build.0 = Debug|Any CPU
		{7EA8D3B4-9D7F-45BA-93C1-25C3BF51EB98}.Release|Any CPU.ActiveCfg = Release|Any CPU
		{7EA8D3B4-9D7F-45BA-93C1-25C3BF51EB98}.Release|Any CPU.Build.0 = Release|Any CPU
		{7EA8D3B4-9D7F-45BA-93C1-25C3BF51EB98}.Release|x64.ActiveCfg = Release|Any CPU
		{7EA8D3B4-9D7F-45BA-93C1-25C3BF51EB98}.Release|x64.Build.0 = Release|Any CPU
		{7EA8D3B4-9D7F-45BA-93C1-25C3BF51EB98}.Release|x86.ActiveCfg = Release|Any CPU
		{7EA8D3B4-9D7F-45BA-93C1-25C3BF51EB98}.Release|x86.Build.0 = Release|Any CPU
		{5AB24B81-7DB4-478B-9289-8CEBC0FFF253}.Debug|Any CPU.ActiveCfg = Debug|Any CPU
		{5AB24B81-7DB4-478B-9289-8CEBC0FFF253}.Debug|Any CPU.Build.0 = Debug|Any CPU
		{5AB24B81-7DB4-478B-9289-8CEBC0FFF253}.Debug|x64.ActiveCfg = Debug|Any CPU
		{5AB24B81-7DB4-478B-9289-8CEBC0FFF253}.Debug|x64.Build.0 = Debug|Any CPU
		{5AB24B81-7DB4-478B-9289-8CEBC0FFF253}.Debug|x86.ActiveCfg = Debug|Any CPU
		{5AB24B81-7DB4-478B-9289-8CEBC0FFF253}.Debug|x86.Build.0 = Debug|Any CPU
		{5AB24B81-7DB4-478B-9289-8CEBC0FFF253}.Release|Any CPU.ActiveCfg = Release|Any CPU
		{5AB24B81-7DB4-478B-9289-8CEBC0FFF253}.Release|Any CPU.Build.0 = Release|Any CPU
		{5AB24B81-7DB4-478B-9289-8CEBC0FFF253}.Release|x64.ActiveCfg = Release|Any CPU
		{5AB24B81-7DB4-478B-9289-8CEBC0FFF253}.Release|x64.Build.0 = Release|Any CPU
		{5AB24B81-7DB4-478B-9289-8CEBC0FFF253}.Release|x86.ActiveCfg = Release|Any CPU
		{5AB24B81-7DB4-478B-9289-8CEBC0FFF253}.Release|x86.Build.0 = Release|Any CPU
		{132B913E-6654-4FA0-A1DA-3D6D43379A35}.Debug|Any CPU.ActiveCfg = Debug|Any CPU
		{132B913E-6654-4FA0-A1DA-3D6D43379A35}.Debug|Any CPU.Build.0 = Debug|Any CPU
		{132B913E-6654-4FA0-A1DA-3D6D43379A35}.Debug|x64.ActiveCfg = Debug|Any CPU
		{132B913E-6654-4FA0-A1DA-3D6D43379A35}.Debug|x64.Build.0 = Debug|Any CPU
		{132B913E-6654-4FA0-A1DA-3D6D43379A35}.Debug|x86.ActiveCfg = Debug|Any CPU
		{132B913E-6654-4FA0-A1DA-3D6D43379A35}.Debug|x86.Build.0 = Debug|Any CPU
		{132B913E-6654-4FA0-A1DA-3D6D43379A35}.Release|Any CPU.ActiveCfg = Release|Any CPU
		{132B913E-6654-4FA0-A1DA-3D6D43379A35}.Release|Any CPU.Build.0 = Release|Any CPU
		{132B913E-6654-4FA0-A1DA-3D6D43379A35}.Release|x64.ActiveCfg = Release|Any CPU
		{132B913E-6654-4FA0-A1DA-3D6D43379A35}.Release|x64.Build.0 = Release|Any CPU
		{132B913E-6654-4FA0-A1DA-3D6D43379A35}.Release|x86.ActiveCfg = Release|Any CPU
		{132B913E-6654-4FA0-A1DA-3D6D43379A35}.Release|x86.Build.0 = Release|Any CPU
		{5B6DB61F-0AD2-4261-805E-742D5FA5EABC}.Debug|Any CPU.ActiveCfg = Debug|Any CPU
		{5B6DB61F-0AD2-4261-805E-742D5FA5EABC}.Debug|Any CPU.Build.0 = Debug|Any CPU
		{5B6DB61F-0AD2-4261-805E-742D5FA5EABC}.Debug|x64.ActiveCfg = Debug|Any CPU
		{5B6DB61F-0AD2-4261-805E-742D5FA5EABC}.Debug|x64.Build.0 = Debug|Any CPU
		{5B6DB61F-0AD2-4261-805E-742D5FA5EABC}.Debug|x86.ActiveCfg = Debug|Any CPU
		{5B6DB61F-0AD2-4261-805E-742D5FA5EABC}.Debug|x86.Build.0 = Debug|Any CPU
		{5B6DB61F-0AD2-4261-805E-742D5FA5EABC}.Release|Any CPU.ActiveCfg = Release|Any CPU
		{5B6DB61F-0AD2-4261-805E-742D5FA5EABC}.Release|Any CPU.Build.0 = Release|Any CPU
		{5B6DB61F-0AD2-4261-805E-742D5FA5EABC}.Release|x64.ActiveCfg = Release|Any CPU
		{5B6DB61F-0AD2-4261-805E-742D5FA5EABC}.Release|x64.Build.0 = Release|Any CPU
		{5B6DB61F-0AD2-4261-805E-742D5FA5EABC}.Release|x86.ActiveCfg = Release|Any CPU
		{5B6DB61F-0AD2-4261-805E-742D5FA5EABC}.Release|x86.Build.0 = Release|Any CPU
		{0AF5FDBA-1E2B-4DAC-A07F-2A1AADAE82AE}.Debug|Any CPU.ActiveCfg = Debug|Any CPU
		{0AF5FDBA-1E2B-4DAC-A07F-2A1AADAE82AE}.Debug|Any CPU.Build.0 = Debug|Any CPU
		{0AF5FDBA-1E2B-4DAC-A07F-2A1AADAE82AE}.Debug|x64.ActiveCfg = Debug|Any CPU
		{0AF5FDBA-1E2B-4DAC-A07F-2A1AADAE82AE}.Debug|x64.Build.0 = Debug|Any CPU
		{0AF5FDBA-1E2B-4DAC-A07F-2A1AADAE82AE}.Debug|x86.ActiveCfg = Debug|Any CPU
		{0AF5FDBA-1E2B-4DAC-A07F-2A1AADAE82AE}.Debug|x86.Build.0 = Debug|Any CPU
		{0AF5FDBA-1E2B-4DAC-A07F-2A1AADAE82AE}.Release|Any CPU.ActiveCfg = Release|Any CPU
		{0AF5FDBA-1E2B-4DAC-A07F-2A1AADAE82AE}.Release|Any CPU.Build.0 = Release|Any CPU
		{0AF5FDBA-1E2B-4DAC-A07F-2A1AADAE82AE}.Release|x64.ActiveCfg = Release|Any CPU
		{0AF5FDBA-1E2B-4DAC-A07F-2A1AADAE82AE}.Release|x64.Build.0 = Release|Any CPU
		{0AF5FDBA-1E2B-4DAC-A07F-2A1AADAE82AE}.Release|x86.ActiveCfg = Release|Any CPU
		{0AF5FDBA-1E2B-4DAC-A07F-2A1AADAE82AE}.Release|x86.Build.0 = Release|Any CPU
		{1A3657AA-5C6E-4CF4-B7A5-3992EC46FEAD}.Debug|Any CPU.ActiveCfg = Debug|Any CPU
		{1A3657AA-5C6E-4CF4-B7A5-3992EC46FEAD}.Debug|Any CPU.Build.0 = Debug|Any CPU
		{1A3657AA-5C6E-4CF4-B7A5-3992EC46FEAD}.Debug|x64.ActiveCfg = Debug|Any CPU
		{1A3657AA-5C6E-4CF4-B7A5-3992EC46FEAD}.Debug|x64.Build.0 = Debug|Any CPU
		{1A3657AA-5C6E-4CF4-B7A5-3992EC46FEAD}.Debug|x86.ActiveCfg = Debug|Any CPU
		{1A3657AA-5C6E-4CF4-B7A5-3992EC46FEAD}.Debug|x86.Build.0 = Debug|Any CPU
		{1A3657AA-5C6E-4CF4-B7A5-3992EC46FEAD}.Release|Any CPU.ActiveCfg = Release|Any CPU
		{1A3657AA-5C6E-4CF4-B7A5-3992EC46FEAD}.Release|Any CPU.Build.0 = Release|Any CPU
		{1A3657AA-5C6E-4CF4-B7A5-3992EC46FEAD}.Release|x64.ActiveCfg = Release|Any CPU
		{1A3657AA-5C6E-4CF4-B7A5-3992EC46FEAD}.Release|x64.Build.0 = Release|Any CPU
		{1A3657AA-5C6E-4CF4-B7A5-3992EC46FEAD}.Release|x86.ActiveCfg = Release|Any CPU
		{1A3657AA-5C6E-4CF4-B7A5-3992EC46FEAD}.Release|x86.Build.0 = Release|Any CPU
		{24318EA5-DD88-471A-B78E-53F57E8DAD05}.Debug|Any CPU.ActiveCfg = Debug|Any CPU
		{24318EA5-DD88-471A-B78E-53F57E8DAD05}.Debug|Any CPU.Build.0 = Debug|Any CPU
		{24318EA5-DD88-471A-B78E-53F57E8DAD05}.Debug|x64.ActiveCfg = Debug|Any CPU
		{24318EA5-DD88-471A-B78E-53F57E8DAD05}.Debug|x64.Build.0 = Debug|Any CPU
		{24318EA5-DD88-471A-B78E-53F57E8DAD05}.Debug|x86.ActiveCfg = Debug|Any CPU
		{24318EA5-DD88-471A-B78E-53F57E8DAD05}.Debug|x86.Build.0 = Debug|Any CPU
		{24318EA5-DD88-471A-B78E-53F57E8DAD05}.Release|Any CPU.ActiveCfg = Release|Any CPU
		{24318EA5-DD88-471A-B78E-53F57E8DAD05}.Release|Any CPU.Build.0 = Release|Any CPU
		{24318EA5-DD88-471A-B78E-53F57E8DAD05}.Release|x64.ActiveCfg = Release|Any CPU
		{24318EA5-DD88-471A-B78E-53F57E8DAD05}.Release|x64.Build.0 = Release|Any CPU
		{24318EA5-DD88-471A-B78E-53F57E8DAD05}.Release|x86.ActiveCfg = Release|Any CPU
		{24318EA5-DD88-471A-B78E-53F57E8DAD05}.Release|x86.Build.0 = Release|Any CPU
		{7BDCF06C-F351-487D-B400-5B5B44E9C07F}.Debug|Any CPU.ActiveCfg = Debug|Any CPU
		{7BDCF06C-F351-487D-B400-5B5B44E9C07F}.Debug|Any CPU.Build.0 = Debug|Any CPU
		{7BDCF06C-F351-487D-B400-5B5B44E9C07F}.Debug|x64.ActiveCfg = Debug|Any CPU
		{7BDCF06C-F351-487D-B400-5B5B44E9C07F}.Debug|x64.Build.0 = Debug|Any CPU
		{7BDCF06C-F351-487D-B400-5B5B44E9C07F}.Debug|x86.ActiveCfg = Debug|Any CPU
		{7BDCF06C-F351-487D-B400-5B5B44E9C07F}.Debug|x86.Build.0 = Debug|Any CPU
		{7BDCF06C-F351-487D-B400-5B5B44E9C07F}.Release|Any CPU.ActiveCfg = Release|Any CPU
		{7BDCF06C-F351-487D-B400-5B5B44E9C07F}.Release|Any CPU.Build.0 = Release|Any CPU
		{7BDCF06C-F351-487D-B400-5B5B44E9C07F}.Release|x64.ActiveCfg = Release|Any CPU
		{7BDCF06C-F351-487D-B400-5B5B44E9C07F}.Release|x64.Build.0 = Release|Any CPU
		{7BDCF06C-F351-487D-B400-5B5B44E9C07F}.Release|x86.ActiveCfg = Release|Any CPU
		{7BDCF06C-F351-487D-B400-5B5B44E9C07F}.Release|x86.Build.0 = Release|Any CPU
		{8DB9131F-5503-4FC3-BD73-47D91E47CB8A}.Debug|Any CPU.ActiveCfg = Debug|Any CPU
		{8DB9131F-5503-4FC3-BD73-47D91E47CB8A}.Debug|Any CPU.Build.0 = Debug|Any CPU
		{8DB9131F-5503-4FC3-BD73-47D91E47CB8A}.Debug|x64.ActiveCfg = Debug|Any CPU
		{8DB9131F-5503-4FC3-BD73-47D91E47CB8A}.Debug|x64.Build.0 = Debug|Any CPU
		{8DB9131F-5503-4FC3-BD73-47D91E47CB8A}.Debug|x86.ActiveCfg = Debug|Any CPU
		{8DB9131F-5503-4FC3-BD73-47D91E47CB8A}.Debug|x86.Build.0 = Debug|Any CPU
		{8DB9131F-5503-4FC3-BD73-47D91E47CB8A}.Release|Any CPU.ActiveCfg = Release|Any CPU
		{8DB9131F-5503-4FC3-BD73-47D91E47CB8A}.Release|Any CPU.Build.0 = Release|Any CPU
		{8DB9131F-5503-4FC3-BD73-47D91E47CB8A}.Release|x64.ActiveCfg = Release|Any CPU
		{8DB9131F-5503-4FC3-BD73-47D91E47CB8A}.Release|x64.Build.0 = Release|Any CPU
		{8DB9131F-5503-4FC3-BD73-47D91E47CB8A}.Release|x86.ActiveCfg = Release|Any CPU
		{8DB9131F-5503-4FC3-BD73-47D91E47CB8A}.Release|x86.Build.0 = Release|Any CPU
		{FFD29748-C921-4F4A-BBA7-9F5E5F793072}.Debug|Any CPU.ActiveCfg = Debug|Any CPU
		{FFD29748-C921-4F4A-BBA7-9F5E5F793072}.Debug|Any CPU.Build.0 = Debug|Any CPU
		{FFD29748-C921-4F4A-BBA7-9F5E5F793072}.Debug|x64.ActiveCfg = Debug|Any CPU
		{FFD29748-C921-4F4A-BBA7-9F5E5F793072}.Debug|x64.Build.0 = Debug|Any CPU
		{FFD29748-C921-4F4A-BBA7-9F5E5F793072}.Debug|x86.ActiveCfg = Debug|Any CPU
		{FFD29748-C921-4F4A-BBA7-9F5E5F793072}.Debug|x86.Build.0 = Debug|Any CPU
		{FFD29748-C921-4F4A-BBA7-9F5E5F793072}.Release|Any CPU.ActiveCfg = Release|Any CPU
		{FFD29748-C921-4F4A-BBA7-9F5E5F793072}.Release|Any CPU.Build.0 = Release|Any CPU
		{FFD29748-C921-4F4A-BBA7-9F5E5F793072}.Release|x64.ActiveCfg = Release|Any CPU
		{FFD29748-C921-4F4A-BBA7-9F5E5F793072}.Release|x64.Build.0 = Release|Any CPU
		{FFD29748-C921-4F4A-BBA7-9F5E5F793072}.Release|x86.ActiveCfg = Release|Any CPU
		{FFD29748-C921-4F4A-BBA7-9F5E5F793072}.Release|x86.Build.0 = Release|Any CPU
		{2B281C21-A6C4-41F5-90A5-691BB00BB732}.Debug|Any CPU.ActiveCfg = Debug|Any CPU
		{2B281C21-A6C4-41F5-90A5-691BB00BB732}.Debug|Any CPU.Build.0 = Debug|Any CPU
		{2B281C21-A6C4-41F5-90A5-691BB00BB732}.Debug|x64.ActiveCfg = Debug|Any CPU
		{2B281C21-A6C4-41F5-90A5-691BB00BB732}.Debug|x64.Build.0 = Debug|Any CPU
		{2B281C21-A6C4-41F5-90A5-691BB00BB732}.Debug|x86.ActiveCfg = Debug|Any CPU
		{2B281C21-A6C4-41F5-90A5-691BB00BB732}.Debug|x86.Build.0 = Debug|Any CPU
		{2B281C21-A6C4-41F5-90A5-691BB00BB732}.Release|Any CPU.ActiveCfg = Release|Any CPU
		{2B281C21-A6C4-41F5-90A5-691BB00BB732}.Release|Any CPU.Build.0 = Release|Any CPU
		{2B281C21-A6C4-41F5-90A5-691BB00BB732}.Release|x64.ActiveCfg = Release|Any CPU
		{2B281C21-A6C4-41F5-90A5-691BB00BB732}.Release|x64.Build.0 = Release|Any CPU
		{2B281C21-A6C4-41F5-90A5-691BB00BB732}.Release|x86.ActiveCfg = Release|Any CPU
		{2B281C21-A6C4-41F5-90A5-691BB00BB732}.Release|x86.Build.0 = Release|Any CPU
		{9EF37A26-3DC1-4DB6-B2E7-A0D7188EA7A3}.Debug|Any CPU.ActiveCfg = Debug|Any CPU
		{9EF37A26-3DC1-4DB6-B2E7-A0D7188EA7A3}.Debug|Any CPU.Build.0 = Debug|Any CPU
		{9EF37A26-3DC1-4DB6-B2E7-A0D7188EA7A3}.Debug|x64.ActiveCfg = Debug|Any CPU
		{9EF37A26-3DC1-4DB6-B2E7-A0D7188EA7A3}.Debug|x64.Build.0 = Debug|Any CPU
		{9EF37A26-3DC1-4DB6-B2E7-A0D7188EA7A3}.Debug|x86.ActiveCfg = Debug|Any CPU
		{9EF37A26-3DC1-4DB6-B2E7-A0D7188EA7A3}.Debug|x86.Build.0 = Debug|Any CPU
		{9EF37A26-3DC1-4DB6-B2E7-A0D7188EA7A3}.Release|Any CPU.ActiveCfg = Release|Any CPU
		{9EF37A26-3DC1-4DB6-B2E7-A0D7188EA7A3}.Release|Any CPU.Build.0 = Release|Any CPU
		{9EF37A26-3DC1-4DB6-B2E7-A0D7188EA7A3}.Release|x64.ActiveCfg = Release|Any CPU
		{9EF37A26-3DC1-4DB6-B2E7-A0D7188EA7A3}.Release|x64.Build.0 = Release|Any CPU
		{9EF37A26-3DC1-4DB6-B2E7-A0D7188EA7A3}.Release|x86.ActiveCfg = Release|Any CPU
		{9EF37A26-3DC1-4DB6-B2E7-A0D7188EA7A3}.Release|x86.Build.0 = Release|Any CPU
		{53525D1D-696E-4F5F-BE0A-02367CF207B0}.Debug|Any CPU.ActiveCfg = Debug|Any CPU
		{53525D1D-696E-4F5F-BE0A-02367CF207B0}.Debug|Any CPU.Build.0 = Debug|Any CPU
		{53525D1D-696E-4F5F-BE0A-02367CF207B0}.Debug|x64.ActiveCfg = Debug|Any CPU
		{53525D1D-696E-4F5F-BE0A-02367CF207B0}.Debug|x64.Build.0 = Debug|Any CPU
		{53525D1D-696E-4F5F-BE0A-02367CF207B0}.Debug|x86.ActiveCfg = Debug|Any CPU
		{53525D1D-696E-4F5F-BE0A-02367CF207B0}.Debug|x86.Build.0 = Debug|Any CPU
		{53525D1D-696E-4F5F-BE0A-02367CF207B0}.Release|Any CPU.ActiveCfg = Release|Any CPU
		{53525D1D-696E-4F5F-BE0A-02367CF207B0}.Release|Any CPU.Build.0 = Release|Any CPU
		{53525D1D-696E-4F5F-BE0A-02367CF207B0}.Release|x64.ActiveCfg = Release|Any CPU
		{53525D1D-696E-4F5F-BE0A-02367CF207B0}.Release|x64.Build.0 = Release|Any CPU
		{53525D1D-696E-4F5F-BE0A-02367CF207B0}.Release|x86.ActiveCfg = Release|Any CPU
		{53525D1D-696E-4F5F-BE0A-02367CF207B0}.Release|x86.Build.0 = Release|Any CPU
		{A0D95069-A67F-49D7-8E6C-57DE3881B882}.Debug|Any CPU.ActiveCfg = Debug|Any CPU
		{A0D95069-A67F-49D7-8E6C-57DE3881B882}.Debug|Any CPU.Build.0 = Debug|Any CPU
		{A0D95069-A67F-49D7-8E6C-57DE3881B882}.Debug|x64.ActiveCfg = Debug|Any CPU
		{A0D95069-A67F-49D7-8E6C-57DE3881B882}.Debug|x64.Build.0 = Debug|Any CPU
		{A0D95069-A67F-49D7-8E6C-57DE3881B882}.Debug|x86.ActiveCfg = Debug|Any CPU
		{A0D95069-A67F-49D7-8E6C-57DE3881B882}.Debug|x86.Build.0 = Debug|Any CPU
		{A0D95069-A67F-49D7-8E6C-57DE3881B882}.Release|Any CPU.ActiveCfg = Release|Any CPU
		{A0D95069-A67F-49D7-8E6C-57DE3881B882}.Release|Any CPU.Build.0 = Release|Any CPU
		{A0D95069-A67F-49D7-8E6C-57DE3881B882}.Release|x64.ActiveCfg = Release|Any CPU
		{A0D95069-A67F-49D7-8E6C-57DE3881B882}.Release|x64.Build.0 = Release|Any CPU
		{A0D95069-A67F-49D7-8E6C-57DE3881B882}.Release|x86.ActiveCfg = Release|Any CPU
		{A0D95069-A67F-49D7-8E6C-57DE3881B882}.Release|x86.Build.0 = Release|Any CPU
	EndGlobalSection
	GlobalSection(SolutionProperties) = preSolution
		HideSolutionNode = FALSE
	EndGlobalSection
	GlobalSection(NestedProjects) = preSolution
		{C8E42992-5E42-0C2B-DBFE-AA848D06431C} = {827E0CD3-B72D-47B6-A68D-7590B98EB39B}
		{AD44635E-BB4A-455D-ABB9-10706AA87BE0} = {C8E42992-5E42-0C2B-DBFE-AA848D06431C}
		{40E7380E-03A7-41B7-939F-828833AA492F} = {C8E42992-5E42-0C2B-DBFE-AA848D06431C}
		{D256866C-1969-46B7-BB57-6222EB152B2B} = {C8E42992-5E42-0C2B-DBFE-AA848D06431C}
		{3C674AAC-237F-4EE4-88EA-BDB28AD59EA1} = {C8E42992-5E42-0C2B-DBFE-AA848D06431C}
		{7EA8D3B4-9D7F-45BA-93C1-25C3BF51EB98} = {C8E42992-5E42-0C2B-DBFE-AA848D06431C}
		{5AB24B81-7DB4-478B-9289-8CEBC0FFF253} = {C8E42992-5E42-0C2B-DBFE-AA848D06431C}
		{132B913E-6654-4FA0-A1DA-3D6D43379A35} = {C8E42992-5E42-0C2B-DBFE-AA848D06431C}
		{5B6DB61F-0AD2-4261-805E-742D5FA5EABC} = {C8E42992-5E42-0C2B-DBFE-AA848D06431C}
		{0AF5FDBA-1E2B-4DAC-A07F-2A1AADAE82AE} = {C8E42992-5E42-0C2B-DBFE-AA848D06431C}
		{1A3657AA-5C6E-4CF4-B7A5-3992EC46FEAD} = {C8E42992-5E42-0C2B-DBFE-AA848D06431C}
		{24318EA5-DD88-471A-B78E-53F57E8DAD05} = {C8E42992-5E42-0C2B-DBFE-AA848D06431C}
		{7BDCF06C-F351-487D-B400-5B5B44E9C07F} = {C8E42992-5E42-0C2B-DBFE-AA848D06431C}
		{8DB9131F-5503-4FC3-BD73-47D91E47CB8A} = {C8E42992-5E42-0C2B-DBFE-AA848D06431C}
		{FFD29748-C921-4F4A-BBA7-9F5E5F793072} = {C8E42992-5E42-0C2B-DBFE-AA848D06431C}
		{2B281C21-A6C4-41F5-90A5-691BB00BB732} = {0AB3BF05-4346-4AA6-1389-037BE0695223}
		{9EF37A26-3DC1-4DB6-B2E7-A0D7188EA7A3} = {0AB3BF05-4346-4AA6-1389-037BE0695223}
		{53525D1D-696E-4F5F-BE0A-02367CF207B0} = {0AB3BF05-4346-4AA6-1389-037BE0695223}
		{A0D95069-A67F-49D7-8E6C-57DE3881B882} = {0AB3BF05-4346-4AA6-1389-037BE0695223}
	EndGlobalSection
EndGlobal
